
Microsoft Visual Studio Solution File, Format Version 12.00
# Visual Studio Version 16
VisualStudioVersion = 16.0.31005.135
MinimumVisualStudioVersion = 10.0.40219.1
Project("{FAE04EC0-301F-11D3-BF4B-00C04F79EFBC}") = "Config-manager", "Config-manager\Config-manager.csproj", "{4118ACF7-E59F-4BB2-8551-24BFD63FA480}"
EndProject
Project("{FAE04EC0-301F-11D3-BF4B-00C04F79EFBC}") = "Domain", "Domain\Domain.csproj", "{69211CC6-D9F3-4F89-A571-236261D43B31}"
EndProject
Global
	GlobalSection(SolutionConfigurationPlatforms) = preSolution
		Debug|Any CPU = Debug|Any CPU
		Release|Any CPU = Release|Any CPU
	EndGlobalSection
	GlobalSection(ProjectConfigurationPlatforms) = postSolution
		{4118ACF7-E59F-4BB2-8551-24BFD63FA480}.Debug|Any CPU.ActiveCfg = Debug|Any CPU
		{4118ACF7-E59F-4BB2-8551-24BFD63FA480}.Debug|Any CPU.Build.0 = Debug|Any CPU
		{4118ACF7-E59F-4BB2-8551-24BFD63FA480}.Release|Any CPU.ActiveCfg = Release|Any CPU
		{4118ACF7-E59F-4BB2-8551-24BFD63FA480}.Release|Any CPU.Build.0 = Release|Any CPU
		{69211CC6-D9F3-4F89-A571-236261D43B31}.Debug|Any CPU.ActiveCfg = Debug|Any CPU
		{69211CC6-D9F3-4F89-A571-236261D43B31}.Debug|Any CPU.Build.0 = Debug|Any CPU
		{69211CC6-D9F3-4F89-A571-236261D43B31}.Release|Any CPU.ActiveCfg = Release|Any CPU
		{69211CC6-D9F3-4F89-A571-236261D43B31}.Release|Any CPU.Build.0 = Release|Any CPU
	EndGlobalSection
	GlobalSection(SolutionProperties) = preSolution
		HideSolutionNode = FALSE
	EndGlobalSection
	GlobalSection(ExtensibilityGlobals) = postSolution
		SolutionGuid = {CBEAC4A5-802E-46B0-A35C-53470B048C38}
	EndGlobalSection
EndGlobal
